
Microsoft Visual Studio Solution File, Format Version 12.00
# Visual Studio Version 17
VisualStudioVersion = 17.5.002.0
MinimumVisualStudioVersion = 10.0.40219.1
Project("{9A19103F-16F7-4668-BE54-9A1E7A4F7556}") = "employee-mangement-system", "employee-mangement-system.csproj", "{AE9781A3-14AF-4419-BB89-A3B3A98F5563}"
EndProject
Global
	GlobalSection(SolutionConfigurationPlatforms) = preSolution
		Debug|Any CPU = Debug|Any CPU
		Release|Any CPU = Release|Any CPU
	EndGlobalSection
	GlobalSection(ProjectConfigurationPlatforms) = postSolution
		{AE9781A3-14AF-4419-BB89-A3B3A98F5563}.Debug|Any CPU.ActiveCfg = Debug|Any CPU
		{AE9781A3-14AF-4419-BB89-A3B3A98F5563}.Debug|Any CPU.Build.0 = Debug|Any CPU
		{AE9781A3-14AF-4419-BB89-A3B3A98F5563}.Release|Any CPU.ActiveCfg = Release|Any CPU
		{AE9781A3-14AF-4419-BB89-A3B3A98F5563}.Release|Any CPU.Build.0 = Release|Any CPU
	EndGlobalSection
	GlobalSection(SolutionProperties) = preSolution
		HideSolutionNode = FALSE
	EndGlobalSection
	GlobalSection(ExtensibilityGlobals) = postSolution
		SolutionGuid = {B39AC0B3-4D08-4EC2-909E-1B15C685A3B4}
	EndGlobalSection
EndGlobal
